
Microsoft Visual Studio Solution File, Format Version 12.00
# Visual Studio 15
VisualStudioVersion = 15.0.26730.16
MinimumVisualStudioVersion = 10.0.40219.1
Project("{2150E333-8FDC-42A3-9474-1A3956D46DE8}") = "1.UserInterface", "1.UserInterface", "{E45C1213-35F2-47CD-90D0-98D9299C4EB2}"
EndProject
Project("{2150E333-8FDC-42A3-9474-1A3956D46DE8}") = "2.Application", "2.Application", "{512914A3-81B4-46B4-BDAB-2A89132A9B0D}"
EndProject
Project("{2150E333-8FDC-42A3-9474-1A3956D46DE8}") = "3.Domain", "3.Domain", "{892295D0-9D5F-4021-BA34-66A36709D493}"
EndProject
Project("{2150E333-8FDC-42A3-9474-1A3956D46DE8}") = "4.Infrastructure", "4.Infrastructure", "{D35AB1E7-20C5-4A76-9AA3-D3572C021F53}"
EndProject
Project("{9A19103F-16F7-4668-BE54-9A1E7A4F7556}") = "IBusinesServices", "IBusinesServices\IBusinesServices.csproj", "{ABDE1835-DFFF-437B-91B6-0ECB0332AE37}"
EndProject
Project("{9A19103F-16F7-4668-BE54-9A1E7A4F7556}") = "BusinesServices", "BusinesServices\BusinesServices.csproj", "{49F6B472-1179-4563-BED1-BA3E7F909682}"
EndProject
Project("{9A19103F-16F7-4668-BE54-9A1E7A4F7556}") = "Common", "Common\Common.csproj", "{2E74D920-90C0-4B05-82C0-48754CE05F79}"
EndProject
Project("{FAE04EC0-301F-11D3-BF4B-00C04F79EFBC}") = "Web", "Web\Web.csproj", "{F3C8F9EF-605B-4E35-867C-EAACF0C4745E}"
EndProject
Global
	GlobalSection(SolutionConfigurationPlatforms) = preSolution
		Debug|Any CPU = Debug|Any CPU
		Release|Any CPU = Release|Any CPU
	EndGlobalSection
	GlobalSection(ProjectConfigurationPlatforms) = postSolution
		{ABDE1835-DFFF-437B-91B6-0ECB0332AE37}.Debug|Any CPU.ActiveCfg = Debug|Any CPU
		{ABDE1835-DFFF-437B-91B6-0ECB0332AE37}.Debug|Any CPU.Build.0 = Debug|Any CPU
		{ABDE1835-DFFF-437B-91B6-0ECB0332AE37}.Release|Any CPU.ActiveCfg = Release|Any CPU
		{ABDE1835-DFFF-437B-91B6-0ECB0332AE37}.Release|Any CPU.Build.0 = Release|Any CPU
		{49F6B472-1179-4563-BED1-BA3E7F909682}.Debug|Any CPU.ActiveCfg = Debug|Any CPU
		{49F6B472-1179-4563-BED1-BA3E7F909682}.Debug|Any CPU.Build.0 = Debug|Any CPU
		{49F6B472-1179-4563-BED1-BA3E7F909682}.Release|Any CPU.ActiveCfg = Release|Any CPU
		{49F6B472-1179-4563-BED1-BA3E7F909682}.Release|Any CPU.Build.0 = Release|Any CPU
		{2E74D920-90C0-4B05-82C0-48754CE05F79}.Debug|Any CPU.ActiveCfg = Debug|Any CPU
		{2E74D920-90C0-4B05-82C0-48754CE05F79}.Debug|Any CPU.Build.0 = Debug|Any CPU
		{2E74D920-90C0-4B05-82C0-48754CE05F79}.Release|Any CPU.ActiveCfg = Release|Any CPU
		{2E74D920-90C0-4B05-82C0-48754CE05F79}.Release|Any CPU.Build.0 = Release|Any CPU
		{F3C8F9EF-605B-4E35-867C-EAACF0C4745E}.Debug|Any CPU.ActiveCfg = Debug|Any CPU
		{F3C8F9EF-605B-4E35-867C-EAACF0C4745E}.Debug|Any CPU.Build.0 = Debug|Any CPU
		{F3C8F9EF-605B-4E35-867C-EAACF0C4745E}.Release|Any CPU.ActiveCfg = Release|Any CPU
		{F3C8F9EF-605B-4E35-867C-EAACF0C4745E}.Release|Any CPU.Build.0 = Release|Any CPU
	EndGlobalSection
	GlobalSection(SolutionProperties) = preSolution
		HideSolutionNode = FALSE
	EndGlobalSection
	GlobalSection(NestedProjects) = preSolution
		{ABDE1835-DFFF-437B-91B6-0ECB0332AE37} = {512914A3-81B4-46B4-BDAB-2A89132A9B0D}
		{49F6B472-1179-4563-BED1-BA3E7F909682} = {512914A3-81B4-46B4-BDAB-2A89132A9B0D}
		{2E74D920-90C0-4B05-82C0-48754CE05F79} = {D35AB1E7-20C5-4A76-9AA3-D3572C021F53}
		{F3C8F9EF-605B-4E35-867C-EAACF0C4745E} = {E45C1213-35F2-47CD-90D0-98D9299C4EB2}
	EndGlobalSection
	GlobalSection(ExtensibilityGlobals) = postSolution
		SolutionGuid = {98529577-CB9E-470F-9F4E-72112ABFA9DA}
	EndGlobalSection
EndGlobal
